
Microsoft Visual Studio Solution File, Format Version 12.00
# Visual Studio Version 16
VisualStudioVersion = 16.0.31515.178
MinimumVisualStudioVersion = 10.0.40219.1
Project("{FAE04EC0-301F-11D3-BF4B-00C04F79EFBC}") = "SpiderFactsBg", "SpiderFactsBg\SpiderFactsBg.csproj", "{264FF69F-FB89-47D2-AFEA-C8837B4A8BBD}"
EndProject
Global
	GlobalSection(SolutionConfigurationPlatforms) = preSolution
		Debug|Any CPU = Debug|Any CPU
		Release|Any CPU = Release|Any CPU
	EndGlobalSection
	GlobalSection(ProjectConfigurationPlatforms) = postSolution
		{264FF69F-FB89-47D2-AFEA-C8837B4A8BBD}.Debug|Any CPU.ActiveCfg = Debug|Any CPU
		{264FF69F-FB89-47D2-AFEA-C8837B4A8BBD}.Debug|Any CPU.Build.0 = Debug|Any CPU
		{264FF69F-FB89-47D2-AFEA-C8837B4A8BBD}.Release|Any CPU.ActiveCfg = Release|Any CPU
		{264FF69F-FB89-47D2-AFEA-C8837B4A8BBD}.Release|Any CPU.Build.0 = Release|Any CPU
	EndGlobalSection
	GlobalSection(SolutionProperties) = preSolution
		HideSolutionNode = FALSE
	EndGlobalSection
	GlobalSection(ExtensibilityGlobals) = postSolution
		SolutionGuid = {52B12A9D-9C5D-4DA4-B1E2-065DDD01D40B}
	EndGlobalSection
EndGlobal
